{
  "version": 1,
  "dependencies": {
    ".NETStandard,Version=v2.0": {
      "Fable.Browser.Dom": {
        "type": "Direct",
        "requested": "[2.14.0, )",
        "resolved": "2.14.0",
        "contentHash": "R85V6jNb/xTwe47hHLYevsu4l8ZZrU4Nfg9CxD4vj33eXqwZa6W0l0MsyKh3+8cPV7yiZgegrRWVfr7axY0rzA==",
        "dependencies": {
          "FSharp.Core": "4.7.2",
          "Fable.Browser.Blob": "1.3.0",
          "Fable.Browser.Event": "1.5.0",
          "Fable.Browser.WebStorage": "1.2.0",
          "Fable.Core": "3.2.8"
        }
      },
      "Fable.Core": {
        "type": "Direct",
        "requested": "[3.7.1, )",
        "resolved": "3.7.1",
        "contentHash": "IzcCfF96VRC+Rp4B2VtVdOad2TF+Vxi1aVKHZISIJOUW0aOfeiNHwfBaG85UnY5xjzVwtSYxVEuwHphP/41YnQ=="
      },
      "Fable.Elmish": {
        "type": "Direct",
        "requested": "[4.0.0, )",
        "resolved": "4.0.0",
        "contentHash": "F7yJFmXWmg0EYfAstxNWdei1SJB+Q83pCxxGlfmLJ7uxIiYd6CbRjaHDBxC0SmHeT1E4kbjHCTFys2HHg90oow==",
        "dependencies": {
          "FSharp.Core": "4.7.2",
          "Fable.Core": "3.7.1"
        }
      },
      "Fable.Elmish.Browser": {
        "type": "Direct",
        "requested": "[4.0.0, )",
        "resolved": "4.0.0",
        "contentHash": "ze5jHdy/PigKBizojllvRnusyVmQuY6LFjrdSvM173yKULzBMPiYOcnXiv6lDNiGmrwZRyuCX7hDB8bqxwu6dQ==",
        "dependencies": {
          "FSharp.Core": "4.7.2",
          "Fable.Browser.Dom": "2.10.1",
          "Fable.Elmish": "4.0.0",
          "Fable.Elmish.UrlParser": "1.0.0"
        }
      },
      "Fable.Elmish.HMR": {
        "type": "Direct",
        "requested": "[7.0.0, )",
        "resolved": "7.0.0",
        "contentHash": "4A3u0H3wdmF00UBFJGJK6jlRxzEgkYOegDj2bgVzYTD1L17+0mCy9+QqAYJMuOGtA2klrKAHcU43tYdm0o2Fnw==",
        "dependencies": {
          "FSharp.Core": "4.7.2",
          "Fable.Core": "3.7.1",
          "Fable.Elmish.React": "4.0.0"
        }
      },
      "Fable.Elmish.React": {
        "type": "Direct",
        "requested": "[4.0.0, )",
        "resolved": "4.0.0",
        "contentHash": "cMuWet7DhxgN2G1caYLwjLvoMkH1u75U36cUyL07yxNt/dmGp8GD/+RTtL9wpkfeThfeJHHouCkR708mJcMRpA==",
        "dependencies": {
          "FSharp.Core": "4.7.2",
          "Fable.Elmish": "4.0.0",
          "Fable.ReactDom.Types": "18.0.0"
        }
      },
      "Fable.FontAwesome": {
        "type": "Direct",
        "requested": "[3.0.0, )",
        "resolved": "3.0.0",
        "contentHash": "RidSfWDoBph4Re6NS5CusvhVMbMjbdWqPHeqeiAvjUc6bVmwyCv17SoVfe5cOc7qIZEcQh3UkOFzGguqvhH2cA==",
        "dependencies": {
          "Fable.Core": "3.7.1",
          "Fable.React": "9.2.0"
        }
      },
      "Fable.FontAwesome.Free": {
        "type": "Direct",
        "requested": "[3.0.0, )",
        "resolved": "3.0.0",
        "contentHash": "3+MdXEr0mZon0FOZiu39tO50FDqS89IYoq7efUNLWwAZe/XBscSwNNGBnRk4PHTAz5v9WZ7hoYCLkdG5TqCmpw==",
        "dependencies": {
          "Fable.Core": "3.7.1",
          "Fable.FontAwesome": "3.0.0",
          "Fable.React": "9.2.0"
        }
      },
      "Fable.Promise": {
        "type": "Direct",
        "requested": "[2.2.0, )",
        "resolved": "2.2.0",
        "contentHash": "NudbsTw9q21vsgdzW/w8svYCodZHPsSIObNYqHMFb8VASV4n6jiVNfq7svvbHtYP1jsVTaDzlfegDstSuHs+qA==",
        "dependencies": {
          "FSharp.Core": "5.0.0",
          "Fable.Core": "3.1.5"
        }
      },
      "Fable.React": {
        "type": "Direct",
        "requested": "[9.2.0, )",
        "resolved": "9.2.0",
        "contentHash": "ZMRkZpBy+6ytUHPk0WjRh15kigncmSGLOAbtf12VaSy48mtgqIW4lC/23X/FEvz8tUGwHvBUen2GzUU1G/L+RQ==",
        "dependencies": {
          "FSharp.Core": "4.7.2",
          "Fable.React.Types": "18.3.0",
          "Fable.ReactDom.Types": "18.2.0"
        }
      },
      "Fulma": {
        "type": "Direct",
        "requested": "[3.0.0, )",
        "resolved": "3.0.0",
        "contentHash": "0I+KRlR6vCLQL2exMyJuejiI2DTq0JXAnLYoWW3sMHBOUf8NDCs4/v6bTFq0tYEsBZJnCTV6fzwyBnr3brxe1A==",
        "dependencies": {
          "Fable.Core": "3.7.1",
          "Fable.React": "9.2.0"
        }
      },
      "Fulma.Extensions.Wikiki.Checkradio": {
        "type": "Direct",
        "requested": "[3.0.0, )",
        "resolved": "3.0.0",
        "contentHash": "zh1v2AUskKYGHXOArAGKKpjjLoWPgnpeHA+V3eSbDzyjJf4Za7Flr2+MIl9HL6wasCJnGXKFFVnzV3MPYwaaTg==",
        "dependencies": {
          "Fable.Core": "3.7.1",
          "Fable.React": "9.2.0",
          "Fulma": "3.0.0"
        }
      },
      "Fulma.Extensions.Wikiki.Switch": {
        "type": "Direct",
        "requested": "[3.0.0, )",
        "resolved": "3.0.0",
        "contentHash": "LNE5yNbmlZOWeMUo4n+sdTslfQRYoV4VtcRa/vMEzJhTuho2qx8vFskqcnWQwceZs3039es/V55bKdENhd/F8w==",
        "dependencies": {
          "Fable.Core": "3.7.1",
          "Fable.React": "9.2.0",
          "Fulma": "3.0.0"
        }
      },
      "Fulma.Extensions.Wikiki.Tooltip": {
        "type": "Direct",
        "requested": "[4.0.0, )",
        "resolved": "4.0.0",
        "contentHash": "CaPT7FqbcqGiS9AT3q0GKu/d5dOMJXvmCZMf8HC0KTwa0/aNLLpQJogudI4K2y1kdAk0CEk29ToQMdgPYQXiqg==",
        "dependencies": {
          "Fable.Core": "3.7.1",
          "Fable.React": "9.2.0",
          "Fulma": "3.0.0"
        }
      },
      "NETStandard.Library": {
        "type": "Direct",
        "requested": "[2.0.3, )",
        "resolved": "2.0.3",
        "contentHash": "st47PosZSHrjECdjeIzZQbzivYBJFv6P2nv4cj2ypdI204DO+vZ7l5raGMiX4eXMJ53RfOIg+/s4DHVZ54Nu2A==",
        "dependencies": {
          "Microsoft.NETCore.Platforms": "1.1.0"
        }
      },
      "Fable.Browser.Blob": {
        "type": "Transitive",
        "resolved": "1.3.0",
        "contentHash": "UDVl31aW99qa2NygpxlBRQ7KWUWhF6MuWTZIRB96sSZZxrs46lKYGuL+V8QMd4mKjgeU+02GgUH0tN84NeBATg==",
        "dependencies": {
          "FSharp.Core": "4.7.2",
          "Fable.Core": "3.0.0"
        }
      },
      "Fable.Browser.Event": {
        "type": "Transitive",
        "resolved": "1.5.0",
        "contentHash": "Bx2AOOASIG1Eq1Pe8869H8baMePte6STmKGccGuOYMT2p6nWVS8G6ZBZb5encQ0tAL2/0vhA4KJOl4bYwUaQqg==",
        "dependencies": {
          "FSharp.Core": "4.7.2",
          "Fable.Browser.Gamepad": "1.1.0",
          "Fable.Core": "3.0.0"
        }
      },
      "Fable.Browser.Gamepad": {
        "type": "Transitive",
        "resolved": "1.1.0",
        "contentHash": "8m/Ae/mrH2Hb2ue435rTPEeVb2FhfWsRJJLpCxMvk+5EUOO2+IIjIkLq4thUfRL98uQVt9V5cQd14h2aBf2XJA==",
        "dependencies": {
          "FSharp.Core": "4.7.2",
          "Fable.Core": "3.0.0"
        }
      },
      "Fable.Browser.WebStorage": {
        "type": "Transitive",
        "resolved": "1.2.0",
        "contentHash": "T41JtXnYNzJRXDRndy3FiNNPRp5nnWA6JIMY063wMk+2GOv9MhdPTdTURTtMdBUcX907Gm/hRULVARyedsWM8g==",
        "dependencies": {
          "FSharp.Core": "4.7.2",
          "Fable.Browser.Event": "1.5.0",
          "Fable.Core": "3.0.0"
        }
      },
      "Fable.Elmish.UrlParser": {
        "type": "Transitive",
        "resolved": "1.0.0",
        "contentHash": "EtgMl0Ab3xKcnLM6mhOddSJ1jvG98Lo+WHGONjKsHWw8eNRgMgg3ypiX9h2Ut62ferv53LUpfPY3tZr1uz7/LQ==",
        "dependencies": {
          "FSharp.Core": "4.7.2"
        }
      },
      "Fable.React.Types": {
        "type": "Transitive",
        "resolved": "18.3.0",
        "contentHash": "/b8WZ3Bdfhqy9r60ZK9JGZaGNjIMb0ogsrvWIg3k7KfCEvJs5X6+7hCybVkyjVoxwzn9wLyYGRbh5wmuHQT/Vg==",
        "dependencies": {
          "FSharp.Core": "4.7.2",
          "Fable.Browser.Dom": "2.4.4",
          "Fable.Core": "3.2.7"
        }
      },
      "Fable.ReactDom.Types": {
        "type": "Transitive",
        "resolved": "18.2.0",
        "contentHash": "2WoBjsLiSgrvR68OJXko0iVaqeMbkPM5Bx813A1WlxOSCJ50M9fwnlwG/MUEZtiOIhQmku/YTJY5a8E8r1+j2Q==",
        "dependencies": {
          "FSharp.Core": "4.7.2",
          "Fable.React.Types": "18.3.0"
        }
      },
      "FSharp.Core": {
        "type": "Transitive",
        "resolved": "6.0.7",
        "contentHash": "e6wGrq5smV3Yk2fBE/Y0nBG5oFyF59k5Je0a0QDydUpg6liyaafGjD3xvutciKepCP2knspZ/sWViC/F1OyyQQ=="
      },
      "Microsoft.NETCore.Platforms": {
        "type": "Transitive",
        "resolved": "1.1.0",
        "contentHash": "kz0PEW2lhqygehI/d6XsPCQzD7ff7gUJaVGPVETX611eadGsA3A877GdSlU0LRVMCTH/+P3o2iDTak+S08V2+A=="
      },
      "thoth.elmish.toast": {
        "type": "Project",
        "dependencies": {
          "FSharp.Core": "[6.0.7, )",
          "Fable.Core": "[3.7.1, )",
          "Fable.Elmish": "[4.0.0, )",
          "Fable.Promise": "[2.0.0, )",
          "Fable.React": "[9.2.0, )"
        }
      }
    }
  }
}