{
  "version": 1,
  "dependencies": {
    ".NETStandard,Version=v2.0": {
      "Fable.Core": {
        "type": "Direct",
        "requested": "[3.0.0, )",
        "resolved": "3.0.0",
        "contentHash": "pkCOWJKAkCk36f5+q4F3XqlfsgCJL6i2lTLl4ZZVDswn8rjXo21EBG/gJ296a88LVBkI5LL2VwxQYqGZncomJw==",
        "dependencies": {
          "FSharp.Core": "4.5.2"
        }
      },
      "Fable.Elmish": {
        "type": "Direct",
        "requested": "[3.0.0, )",
        "resolved": "3.0.0",
        "contentHash": "nmMTykzFTT6Jukh12d/3WGYiUpOdJodD2gUOiVIJAjKGg9ejgPj7k17xA/tvfauKEH5S28ZKdI9furmaFakpTg==",
        "dependencies": {
          "FSharp.Core": "4.6.2",
          "Fable.Core": "3.0.0"
        }
      },
      "Fable.Promise": {
        "type": "Direct",
        "requested": "[2.0.0, )",
        "resolved": "2.0.0",
        "contentHash": "rA9VD2uJTObnb8ghNmg/MTd8xMOJlVHmgNeKrP8SFMOP+tQ2tEDTf8xJ21HeR8ncuNxJP2CQkAfVlDxrLoHjZg==",
        "dependencies": {
          "FSharp.Core": "4.5.2",
          "Fable.Core": "3.0.0"
        }
      },
      "Fable.React": {
        "type": "Direct",
        "requested": "[5.1.0, )",
        "resolved": "5.1.0",
        "contentHash": "00YrR93IeloD6ptcPxDCzNCYbiIXrVgUIDp7GWJMrBK+9ND5QCS353RoEL/HoCV6StUyDHXcQG9codnIakgVqg==",
        "dependencies": {
          "FSharp.Core": "4.6.2",
          "Fable.Browser.Dom": "1.0.0",
          "Fable.Core": "3.0.0"
        }
      },
      "FSharp.Core": {
        "type": "Direct",
        "requested": "[5.0.0, )",
        "resolved": "5.0.0",
        "contentHash": "iHoYXA0VaSQUONGENB1aVafjDDZDZpwu39MtaRCTrmwFW/cTcK0b2yKNVYneFHJMc3ChtsSoM9lNtJ1dYXkHfA=="
      },
      "NETStandard.Library": {
        "type": "Direct",
        "requested": "[2.0.3, )",
        "resolved": "2.0.3",
        "contentHash": "st47PosZSHrjECdjeIzZQbzivYBJFv6P2nv4cj2ypdI204DO+vZ7l5raGMiX4eXMJ53RfOIg+/s4DHVZ54Nu2A==",
        "dependencies": {
          "Microsoft.NETCore.Platforms": "1.1.0"
        }
      },
      "Fable.Browser.Blob": {
        "type": "Transitive",
        "resolved": "1.0.0",
        "contentHash": "JqKAGjypePBNJrw/OAY5y00jo5v9bMXmwPKEju91otyUb7GKpCpBiW2YXVcbXK8GzaPFgyaKrMyH5KPJSN3pZg==",
        "dependencies": {
          "FSharp.Core": "4.5.2",
          "Fable.Core": "3.0.0"
        }
      },
      "Fable.Browser.Dom": {
        "type": "Transitive",
        "resolved": "1.0.0",
        "contentHash": "ZodpIKYuKnUnqN71Fi103mh0joFYrRPGwpYOrpbZ149PkVAW7DNKXgxad5lsi9df7vAe5+sBhhO71TPREZaWlw==",
        "dependencies": {
          "FSharp.Core": "4.5.2",
          "Fable.Browser.Blob": "1.0.0",
          "Fable.Browser.Event": "1.0.0",
          "Fable.Browser.WebStorage": "1.0.0",
          "Fable.Core": "3.0.0"
        }
      },
      "Fable.Browser.Event": {
        "type": "Transitive",
        "resolved": "1.0.0",
        "contentHash": "T1bGrlRJ4A2fxOfAVPzJpxanR6lkzPgJroPdSN1IU5CLdKtvRakWmYq6QKqu4dz6ZV9Z3fIPTWLZkoGKEOEo3w==",
        "dependencies": {
          "FSharp.Core": "4.5.2",
          "Fable.Core": "3.0.0"
        }
      },
      "Fable.Browser.WebStorage": {
        "type": "Transitive",
        "resolved": "1.0.0",
        "contentHash": "ZqnZKYkhPO+wmJPxQqtiwSc3zCC/mB37SPlVi4ZLiHoPFnra7SQ3qaRn4/ENYTeaVtVq92eVaYbTyAOnFn+GPA==",
        "dependencies": {
          "FSharp.Core": "4.5.2",
          "Fable.Browser.Event": "1.0.0",
          "Fable.Core": "3.0.0"
        }
      },
      "Microsoft.NETCore.Platforms": {
        "type": "Transitive",
        "resolved": "1.1.0",
        "contentHash": "kz0PEW2lhqygehI/d6XsPCQzD7ff7gUJaVGPVETX611eadGsA3A877GdSlU0LRVMCTH/+P3o2iDTak+S08V2+A=="
      }
    }
  }
}